
Microsoft Visual Studio Solution File, Format Version 12.00
# Visual Studio Version 16
VisualStudioVersion = 16.0.30907.101
MinimumVisualStudioVersion = 10.0.40219.1
Project("{FAE04EC0-301F-11D3-BF4B-00C04F79EFBC}") = "RiskGame", "RiskGame\RiskGame.csproj", "{C4E15E84-5CD4-4AD8-B561-88C38047052F}"
EndProject
Project("{FAE04EC0-301F-11D3-BF4B-00C04F79EFBC}") = "RiskGameTests", "RiskGameTests\RiskGameTests.csproj", "{966A5599-73EE-454C-93EF-A953D1404271}"
EndProject
Global
	GlobalSection(SolutionConfigurationPlatforms) = preSolution
		Debug|Any CPU = Debug|Any CPU
		Release|Any CPU = Release|Any CPU
	EndGlobalSection
	GlobalSection(ProjectConfigurationPlatforms) = postSolution
		{C4E15E84-5CD4-4AD8-B561-88C38047052F}.Debug|Any CPU.ActiveCfg = Debug|Any CPU
		{C4E15E84-5CD4-4AD8-B561-88C38047052F}.Debug|Any CPU.Build.0 = Debug|Any CPU
		{C4E15E84-5CD4-4AD8-B561-88C38047052F}.Release|Any CPU.ActiveCfg = Release|Any CPU
		{C4E15E84-5CD4-4AD8-B561-88C38047052F}.Release|Any CPU.Build.0 = Release|Any CPU
		{966A5599-73EE-454C-93EF-A953D1404271}.Debug|Any CPU.ActiveCfg = Debug|Any CPU
		{966A5599-73EE-454C-93EF-A953D1404271}.Debug|Any CPU.Build.0 = Debug|Any CPU
		{966A5599-73EE-454C-93EF-A953D1404271}.Release|Any CPU.ActiveCfg = Release|Any CPU
		{966A5599-73EE-454C-93EF-A953D1404271}.Release|Any CPU.Build.0 = Release|Any CPU
	EndGlobalSection
	GlobalSection(SolutionProperties) = preSolution
		HideSolutionNode = FALSE
	EndGlobalSection
	GlobalSection(ExtensibilityGlobals) = postSolution
		SolutionGuid = {CFC26A81-DB78-41BE-8F1B-2F4B5D091ECC}
	EndGlobalSection
EndGlobal
